
Microsoft Visual Studio Solution File, Format Version 12.00
# Visual Studio 2013
Project("{FAE04EC0-301F-11D3-BF4B-00C04F79EFBC}") = "BlackSmith ver1.1.0 test.CSharp", "BlackSmith ver1.1.0 test.CSharp.csproj", "{A5F618FB-03BA-FE87-7ED4-BDB4A06BFB84}"
EndProject
Project("{FAE04EC0-301F-11D3-BF4B-00C04F79EFBC}") = "BlackSmith ver1.1.0 test.CSharp.Editor", "BlackSmith ver1.1.0 test.CSharp.Editor.csproj", "{7D18B2B3-223F-0106-DFAC-CD771958E916}"
EndProject
Global
	GlobalSection(SolutionConfigurationPlatforms) = preSolution
		Debug|Any CPU = Debug|Any CPU
		Release|Any CPU = Release|Any CPU
	EndGlobalSection
	GlobalSection(ProjectConfigurationPlatforms) = postSolution
		{A5F618FB-03BA-FE87-7ED4-BDB4A06BFB84}.Debug|Any CPU.ActiveCfg = Debug|Any CPU
		{A5F618FB-03BA-FE87-7ED4-BDB4A06BFB84}.Debug|Any CPU.Build.0 = Debug|Any CPU
		{A5F618FB-03BA-FE87-7ED4-BDB4A06BFB84}.Release|Any CPU.ActiveCfg = Release|Any CPU
		{A5F618FB-03BA-FE87-7ED4-BDB4A06BFB84}.Release|Any CPU.Build.0 = Release|Any CPU
		{7D18B2B3-223F-0106-DFAC-CD771958E916}.Debug|Any CPU.ActiveCfg = Debug|Any CPU
		{7D18B2B3-223F-0106-DFAC-CD771958E916}.Debug|Any CPU.Build.0 = Debug|Any CPU
		{7D18B2B3-223F-0106-DFAC-CD771958E916}.Release|Any CPU.ActiveCfg = Release|Any CPU
		{7D18B2B3-223F-0106-DFAC-CD771958E916}.Release|Any CPU.Build.0 = Release|Any CPU
	EndGlobalSection
	GlobalSection(SolutionProperties) = preSolution
		HideSolutionNode = FALSE
	EndGlobalSection
EndGlobal
