
Microsoft Visual Studio Solution File, Format Version 12.00
# Visual Studio 2013
Project("{FAE04EC0-301F-11D3-BF4B-00C04F79EFBC}") = "BlackSmith.CSharp", "BlackSmith.CSharp.csproj", "{9C6B762A-60A1-3803-2E9D-D9D3162F56ED}"
EndProject
Project("{FAE04EC0-301F-11D3-BF4B-00C04F79EFBC}") = "BlackSmith.CSharp.Editor", "BlackSmith.CSharp.Editor.csproj", "{A2273843-EE37-70F0-16AB-8902364BB614}"
EndProject
Global
	GlobalSection(SolutionConfigurationPlatforms) = preSolution
		Debug|Any CPU = Debug|Any CPU
		Release|Any CPU = Release|Any CPU
	EndGlobalSection
	GlobalSection(ProjectConfigurationPlatforms) = postSolution
		{9C6B762A-60A1-3803-2E9D-D9D3162F56ED}.Debug|Any CPU.ActiveCfg = Debug|Any CPU
		{9C6B762A-60A1-3803-2E9D-D9D3162F56ED}.Debug|Any CPU.Build.0 = Debug|Any CPU
		{9C6B762A-60A1-3803-2E9D-D9D3162F56ED}.Release|Any CPU.ActiveCfg = Release|Any CPU
		{9C6B762A-60A1-3803-2E9D-D9D3162F56ED}.Release|Any CPU.Build.0 = Release|Any CPU
		{A2273843-EE37-70F0-16AB-8902364BB614}.Debug|Any CPU.ActiveCfg = Debug|Any CPU
		{A2273843-EE37-70F0-16AB-8902364BB614}.Debug|Any CPU.Build.0 = Debug|Any CPU
		{A2273843-EE37-70F0-16AB-8902364BB614}.Release|Any CPU.ActiveCfg = Release|Any CPU
		{A2273843-EE37-70F0-16AB-8902364BB614}.Release|Any CPU.Build.0 = Release|Any CPU
	EndGlobalSection
	GlobalSection(SolutionProperties) = preSolution
		HideSolutionNode = FALSE
	EndGlobalSection
EndGlobal
